
Microsoft Visual Studio Solution File, Format Version 12.00
# Visual Studio Version 17
VisualStudioVersion = 17.14.36408.4 d17.14
MinimumVisualStudioVersion = 10.0.40219.1
Project("{FAE04EC0-301F-11D3-BF4B-00C04F79EFBC}") = "Account Registration", "Account Registration\Account Registration.csproj", "{136E0737-1758-4ADF-8723-E0F9BCD9E666}"
EndProject
Global
	GlobalSection(SolutionConfigurationPlatforms) = preSolution
		Debug|Any CPU = Debug|Any CPU
		Release|Any CPU = Release|Any CPU
	EndGlobalSection
	GlobalSection(ProjectConfigurationPlatforms) = postSolution
		{136E0737-1758-4ADF-8723-E0F9BCD9E666}.Debug|Any CPU.ActiveCfg = Debug|Any CPU
		{136E0737-1758-4ADF-8723-E0F9BCD9E666}.Debug|Any CPU.Build.0 = Debug|Any CPU
		{136E0737-1758-4ADF-8723-E0F9BCD9E666}.Release|Any CPU.ActiveCfg = Release|Any CPU
		{136E0737-1758-4ADF-8723-E0F9BCD9E666}.Release|Any CPU.Build.0 = Release|Any CPU
	EndGlobalSection
	GlobalSection(SolutionProperties) = preSolution
		HideSolutionNode = FALSE
	EndGlobalSection
	GlobalSection(ExtensibilityGlobals) = postSolution
		SolutionGuid = {DA3B44B6-EC1E-4CD0-A53C-093C863B903B}
	EndGlobalSection
EndGlobal
